{
  "name": "practice",
  "lockfileVersion": 3,
  "requires": true,
  "packages": {
    "": {
      "dependencies": {
        "systemjs": "^6.14.3"
      }
    },
    "node_modules/systemjs": {
      "version": "6.14.3",
      "resolved": "https://registry.npmjs.org/systemjs/-/systemjs-6.14.3.tgz",
      "integrity": "sha512-hQv45irdhXudAOr8r6SVSpJSGtogdGZUbJBRKCE5nsIS7tsxxvnIHqT4IOPWj+P+HcSzeWzHlGCGpmhPDIKe+w=="
    }
  }
}
